
Microsoft Visual Studio Solution File, Format Version 12.00
# Visual Studio Version 16
VisualStudioVersion = 16.0.30717.126
MinimumVisualStudioVersion = 10.0.40219.1
Project("{FAE04EC0-301F-11D3-BF4B-00C04F79EFBC}") = "Avanade.SubTCSE.Projeto.API", "Avanade.SubTCSE.Projeto.API\Avanade.SubTCSE.Projeto.API.csproj", "{666B76F7-C773-452E-BECA-9E023A17AF45}"
EndProject
Global
	GlobalSection(SolutionConfigurationPlatforms) = preSolution
		Debug|Any CPU = Debug|Any CPU
		Release|Any CPU = Release|Any CPU
	EndGlobalSection
	GlobalSection(ProjectConfigurationPlatforms) = postSolution
		{666B76F7-C773-452E-BECA-9E023A17AF45}.Debug|Any CPU.ActiveCfg = Debug|Any CPU
		{666B76F7-C773-452E-BECA-9E023A17AF45}.Debug|Any CPU.Build.0 = Debug|Any CPU
		{666B76F7-C773-452E-BECA-9E023A17AF45}.Release|Any CPU.ActiveCfg = Release|Any CPU
		{666B76F7-C773-452E-BECA-9E023A17AF45}.Release|Any CPU.Build.0 = Release|Any CPU
	EndGlobalSection
	GlobalSection(SolutionProperties) = preSolution
		HideSolutionNode = FALSE
	EndGlobalSection
	GlobalSection(ExtensibilityGlobals) = postSolution
		SolutionGuid = {84C2877A-F515-44D5-906F-CDA4CE5A870F}
	EndGlobalSection
EndGlobal
